// !$*UTF8*$!
{
	archiveVersion = 1;
	classes = {
	};
	objectVersion = 51;
	objects = {

/* Begin PBXBuildFile section */
		021A65152648C1D00063FA13 /* GoogleService-Info.plist in Resources */ = {isa = PBXBuildFile; fileRef = 021A65142648C1D00063FA13 /* GoogleService-Info.plist */; };
		27DEDACD262576140001D3E8 /* LogViewController.swift in Sources */ = {isa = PBXBuildFile; fileRef = 27DEDACC262576140001D3E8 /* LogViewController.swift */; };
		4D984FE62625538500EAB27E /* AppDelegate.swift in Sources */ = {isa = PBXBuildFile; fileRef = 4D984FE52625538500EAB27E /* AppDelegate.swift */; };
		4D984FE82625538500EAB27E /* SceneDelegate.swift in Sources */ = {isa = PBXBuildFile; fileRef = 4D984FE72625538500EAB27E /* SceneDelegate.swift */; };
		4D984FEA2625538500EAB27E /* ViewController.swift in Sources */ = {isa = PBXBuildFile; fileRef = 4D984FE92625538500EAB27E /* ViewController.swift */; };
		4D984FED2625538500EAB27E /* Main.storyboard in Resources */ = {isa = PBXBuildFile; fileRef = 4D984FEB2625538500EAB27E /* Main.storyboard */; };
		4D984FEF2625538B00EAB27E /* Assets.xcassets in Resources */ = {isa = PBXBuildFile; fileRef = 4D984FEE2625538B00EAB27E /* Assets.xcassets */; };
		4D984FF22625538B00EAB27E /* LaunchScreen.storyboard in Resources */ = {isa = PBXBuildFile; fileRef = 4D984FF02625538B00EAB27E /* LaunchScreen.storyboard */; };
		4D984FFC2625570400EAB27E /* PullUpViewController.swift in Sources */ = {isa = PBXBuildFile; fileRef = 4D984FFB2625570400EAB27E /* PullUpViewController.swift */; };
		4D984FFF2625571200EAB27E /* PushUpViewController.swift in Sources */ = {isa = PBXBuildFile; fileRef = 4D984FFE2625571200EAB27E /* PushUpViewController.swift */; };
		4D9850022625572600EAB27E /* SitUpViewController.swift in Sources */ = {isa = PBXBuildFile; fileRef = 4D9850012625572600EAB27E /* SitUpViewController.swift */; };
		4DD945BD2649DBEB00CC3849 /* PingSound.wav in Resources */ = {isa = PBXBuildFile; fileRef = 4DD945BC2649DBEA00CC3849 /* PingSound.wav */; };
		76F2D2FB4E81030295A93B77 /* Pods_Hercules.framework in Frameworks */ = {isa = PBXBuildFile; fileRef = 4ACE39823AA05AEB85A75A41 /* Pods_Hercules.framework */; };
/* End PBXBuildFile section */

/* Begin PBXFileReference section */
		021A65142648C1D00063FA13 /* GoogleService-Info.plist */ = {isa = PBXFileReference; fileEncoding = 4; lastKnownFileType = text.plist.xml; path = "GoogleService-Info.plist"; sourceTree = "<group>"; };
		27DEDACC262576140001D3E8 /* LogViewController.swift */ = {isa = PBXFileReference; lastKnownFileType = sourcecode.swift; path = LogViewController.swift; sourceTree = "<group>"; };
		4ACE39823AA05AEB85A75A41 /* Pods_Hercules.framework */ = {isa = PBXFileReference; explicitFileType = wrapper.framework; includeInIndex = 0; path = Pods_Hercules.framework; sourceTree = BUILT_PRODUCTS_DIR; };
		4D984FE22625538500EAB27E /* Hercules.app */ = {isa = PBXFileReference; explicitFileType = wrapper.application; includeInIndex = 0; path = Hercules.app; sourceTree = BUILT_PRODUCTS_DIR; };
		4D984FE52625538500EAB27E /* AppDelegate.swift */ = {isa = PBXFileReference; lastKnownFileType = sourcecode.swift; path = AppDelegate.swift; sourceTree = "<group>"; };
		4D984FE72625538500EAB27E /* SceneDelegate.swift */ = {isa = PBXFileReference; lastKnownFileType = sourcecode.swift; path = SceneDelegate.swift; sourceTree = "<group>"; };
		4D984FE92625538500EAB27E /* ViewController.swift */ = {isa = PBXFileReference; lastKnownFileType = sourcecode.swift; path = ViewController.swift; sourceTree = "<group>"; };
		4D984FEC2625538500EAB27E /* Base */ = {isa = PBXFileReference; lastKnownFileType = file.storyboard; name = Base; path = Base.lproj/Main.storyboard; sourceTree = "<group>"; };
		4D984FEE2625538B00EAB27E /* Assets.xcassets */ = {isa = PBXFileReference; lastKnownFileType = folder.assetcatalog; path = Assets.xcassets; sourceTree = "<group>"; };
		4D984FF12625538B00EAB27E /* Base */ = {isa = PBXFileReference; lastKnownFileType = file.storyboard; name = Base; path = Base.lproj/LaunchScreen.storyboard; sourceTree = "<group>"; };
		4D984FF32625538B00EAB27E /* Info.plist */ = {isa = PBXFileReference; lastKnownFileType = text.plist.xml; path = Info.plist; sourceTree = "<group>"; };
		4D984FFB2625570400EAB27E /* PullUpViewController.swift */ = {isa = PBXFileReference; lastKnownFileType = sourcecode.swift; path = PullUpViewController.swift; sourceTree = "<group>"; };
		4D984FFE2625571200EAB27E /* PushUpViewController.swift */ = {isa = PBXFileReference; lastKnownFileType = sourcecode.swift; path = PushUpViewController.swift; sourceTree = "<group>"; };
		4D9850012625572600EAB27E /* SitUpViewController.swift */ = {isa = PBXFileReference; lastKnownFileType = sourcecode.swift; path = SitUpViewController.swift; sourceTree = "<group>"; };
		4DD945BC2649DBEA00CC3849 /* PingSound.wav */ = {isa = PBXFileReference; lastKnownFileType = audio.wav; path = PingSound.wav; sourceTree = "<group>"; };
		94055CA50C3225700B2C6D68 /* Pods-Hercules.release.xcconfig */ = {isa = PBXFileReference; includeInIndex = 1; lastKnownFileType = text.xcconfig; name = "Pods-Hercules.release.xcconfig"; path = "Target Support Files/Pods-Hercules/Pods-Hercules.release.xcconfig"; sourceTree = "<group>"; };
		EB63C0E21CABA55D9F32465D /* Pods-Hercules.debug.xcconfig */ = {isa = PBXFileReference; includeInIndex = 1; lastKnownFileType = text.xcconfig; name = "Pods-Hercules.debug.xcconfig"; path = "Target Support Files/Pods-Hercules/Pods-Hercules.debug.xcconfig"; sourceTree = "<group>"; };
/* End PBXFileReference section */

/* Begin PBXFrameworksBuildPhase section */
		4D984FDF2625538500EAB27E /* Frameworks */ = {
			isa = PBXFrameworksBuildPhase;
			buildActionMask = 2147483647;
			files = (
				76F2D2FB4E81030295A93B77 /* Pods_Hercules.framework in Frameworks */,
			);
			runOnlyForDeploymentPostprocessing = 0;
		};
/* End PBXFrameworksBuildPhase section */

/* Begin PBXGroup section */
		058121164C4EB0AF2A94D12D /* Frameworks */ = {
			isa = PBXGroup;
			children = (
				4ACE39823AA05AEB85A75A41 /* Pods_Hercules.framework */,
			);
			name = Frameworks;
			sourceTree = "<group>";
		};
		4D984FD92625538500EAB27E = {
			isa = PBXGroup;
			children = (
				4D984FE42625538500EAB27E /* Hercules */,
				4D984FE32625538500EAB27E /* Products */,
				509DBC56C43AF94E29D13906 /* Pods */,
				058121164C4EB0AF2A94D12D /* Frameworks */,
			);
			sourceTree = "<group>";
		};
		4D984FE32625538500EAB27E /* Products */ = {
			isa = PBXGroup;
			children = (
				4D984FE22625538500EAB27E /* Hercules.app */,
			);
			name = Products;
			sourceTree = "<group>";
		};
		4D984FE42625538500EAB27E /* Hercules */ = {
			isa = PBXGroup;
			children = (
				4D984FE52625538500EAB27E /* AppDelegate.swift */,
				4D984FE72625538500EAB27E /* SceneDelegate.swift */,
				4D9850042625573300EAB27E /* View Controllers */,
				4D984FEB2625538500EAB27E /* Main.storyboard */,
				4DD945BC2649DBEA00CC3849 /* PingSound.wav */,
				4D984FEE2625538B00EAB27E /* Assets.xcassets */,
				4D984FF02625538B00EAB27E /* LaunchScreen.storyboard */,
				021A65142648C1D00063FA13 /* GoogleService-Info.plist */,
				4D984FF32625538B00EAB27E /* Info.plist */,
			);
			path = Hercules;
			sourceTree = "<group>";
		};
		4D9850042625573300EAB27E /* View Controllers */ = {
			isa = PBXGroup;
			children = (
				4D984FE92625538500EAB27E /* ViewController.swift */,
				4D984FFB2625570400EAB27E /* PullUpViewController.swift */,
				4D984FFE2625571200EAB27E /* PushUpViewController.swift */,
				4D9850012625572600EAB27E /* SitUpViewController.swift */,
				27DEDACC262576140001D3E8 /* LogViewController.swift */,
			);
			path = "View Controllers";
			sourceTree = "<group>";
		};
		509DBC56C43AF94E29D13906 /* Pods */ = {
			isa = PBXGroup;
			children = (
				EB63C0E21CABA55D9F32465D /* Pods-Hercules.debug.xcconfig */,
				94055CA50C3225700B2C6D68 /* Pods-Hercules.release.xcconfig */,
			);
			path = Pods;
			sourceTree = "<group>";
		};
/* End PBXGroup section */

/* Begin PBXNativeTarget section */
		4D984FE12625538500EAB27E /* Hercules */ = {
			isa = PBXNativeTarget;
			buildConfigurationList = 4D984FF62625538B00EAB27E /* Build configuration list for PBXNativeTarget "Hercules" */;
			buildPhases = (
				7DECF7864B5D7089AF4EBC07 /* [CP] Check Pods Manifest.lock */,
				4D984FDE2625538500EAB27E /* Sources */,
				4D984FDF2625538500EAB27E /* Frameworks */,
				4D984FE02625538500EAB27E /* Resources */,
				11C2DB941C77728AE733B2A1 /* [CP] Embed Pods Frameworks */,
			);
			buildRules = (
			);
			dependencies = (
			);
			name = Hercules;
			productName = Hercules;
			productReference = 4D984FE22625538500EAB27E /* Hercules.app */;
			productType = "com.apple.product-type.application";
		};
/* End PBXNativeTarget section */

/* Begin PBXProject section */
		4D984FDA2625538500EAB27E /* Project object */ = {
			isa = PBXProject;
			attributes = {
				LastSwiftUpdateCheck = 1240;
				LastUpgradeCheck = 1240;
				TargetAttributes = {
					4D984FE12625538500EAB27E = {
						CreatedOnToolsVersion = 12.4;
					};
				};
			};
			buildConfigurationList = 4D984FDD2625538500EAB27E /* Build configuration list for PBXProject "Hercules" */;
			compatibilityVersion = "Xcode 9.3";
			developmentRegion = en;
			hasScannedForEncodings = 0;
			knownRegions = (
				en,
				Base,
			);
			mainGroup = 4D984FD92625538500EAB27E;
			productRefGroup = 4D984FE32625538500EAB27E /* Products */;
			projectDirPath = "";
			projectRoot = "";
			targets = (
				4D984FE12625538500EAB27E /* Hercules */,
			);
		};
/* End PBXProject section */

/* Begin PBXResourcesBuildPhase section */
		4D984FE02625538500EAB27E /* Resources */ = {
			isa = PBXResourcesBuildPhase;
			buildActionMask = 2147483647;
			files = (
				4D984FF22625538B00EAB27E /* LaunchScreen.storyboard in Resources */,
				021A65152648C1D00063FA13 /* GoogleService-Info.plist in Resources */,
				4D984FEF2625538B00EAB27E /* Assets.xcassets in Resources */,
				4DD945BD2649DBEB00CC3849 /* PingSound.wav in Resources */,
				4D984FED2625538500EAB27E /* Main.storyboard in Resources */,
			);
			runOnlyForDeploymentPostprocessing = 0;
		};
/* End PBXResourcesBuildPhase section */

/* Begin PBXShellScriptBuildPhase section */
		11C2DB941C77728AE733B2A1 /* [CP] Embed Pods Frameworks */ = {
			isa = PBXShellScriptBuildPhase;
			buildActionMask = 2147483647;
			files = (
			);
			inputFileListPaths = (
				"${PODS_ROOT}/Target Support Files/Pods-Hercules/Pods-Hercules-frameworks-${CONFIGURATION}-input-files.xcfilelist",
			);
			name = "[CP] Embed Pods Frameworks";
			outputFileListPaths = (
				"${PODS_ROOT}/Target Support Files/Pods-Hercules/Pods-Hercules-frameworks-${CONFIGURATION}-output-files.xcfilelist",
			);
			runOnlyForDeploymentPostprocessing = 0;
			shellPath = /bin/sh;
			shellScript = "\"${PODS_ROOT}/Target Support Files/Pods-Hercules/Pods-Hercules-frameworks.sh\"\n";
			showEnvVarsInLog = 0;
		};
		7DECF7864B5D7089AF4EBC07 /* [CP] Check Pods Manifest.lock */ = {
			isa = PBXShellScriptBuildPhase;
			buildActionMask = 2147483647;
			files = (
			);
			inputFileListPaths = (
			);
			inputPaths = (
				"${PODS_PODFILE_DIR_PATH}/Podfile.lock",
				"${PODS_ROOT}/Manifest.lock",
			);
			name = "[CP] Check Pods Manifest.lock";
			outputFileListPaths = (
			);
			outputPaths = (
				"$(DERIVED_FILE_DIR)/Pods-Hercules-checkManifestLockResult.txt",
			);
			runOnlyForDeploymentPostprocessing = 0;
			shellPath = /bin/sh;
			shellScript = "diff \"${PODS_PODFILE_DIR_PATH}/Podfile.lock\" \"${PODS_ROOT}/Manifest.lock\" > /dev/null\nif [ $? != 0 ] ; then\n    # print error to STDERR\n    echo \"error: The sandbox is not in sync with the Podfile.lock. Run 'pod install' or update your CocoaPods installation.\" >&2\n    exit 1\nfi\n# This output is used by Xcode 'outputs' to avoid re-running this script phase.\necho \"SUCCESS\" > \"${SCRIPT_OUTPUT_FILE_0}\"\n";
			showEnvVarsInLog = 0;
		};
/* End PBXShellScriptBuildPhase section */

/* Begin PBXSourcesBuildPhase section */
		4D984FDE2625538500EAB27E /* Sources */ = {
			isa = PBXSourcesBuildPhase;
			buildActionMask = 2147483647;
			files = (
				4D984FFF2625571200EAB27E /* PushUpViewController.swift in Sources */,
				4D984FEA2625538500EAB27E /* ViewController.swift in Sources */,
				4D9850022625572600EAB27E /* SitUpViewController.swift in Sources */,
				4D984FE62625538500EAB27E /* AppDelegate.swift in Sources */,
				4D984FFC2625570400EAB27E /* PullUpViewController.swift in Sources */,
				27DEDACD262576140001D3E8 /* LogViewController.swift in Sources */,
				4D984FE82625538500EAB27E /* SceneDelegate.swift in Sources */,
			);
			runOnlyForDeploymentPostprocessing = 0;
		};
/* End PBXSourcesBuildPhase section */

/* Begin PBXVariantGroup section */
		4D984FEB2625538500EAB27E /* Main.storyboard */ = {
			isa = PBXVariantGroup;
			children = (
				4D984FEC2625538500EAB27E /* Base */,
			);
			name = Main.storyboard;
			sourceTree = "<group>";
		};
		4D984FF02625538B00EAB27E /* LaunchScreen.storyboard */ = {
			isa = PBXVariantGroup;
			children = (
				4D984FF12625538B00EAB27E /* Base */,
			);
			name = LaunchScreen.storyboard;
			sourceTree = "<group>";
		};
/* End PBXVariantGroup section */

/* Begin XCBuildConfiguration section */
		4D984FF42625538B00EAB27E /* Debug */ = {
			isa = XCBuildConfiguration;
			buildSettings = {
				ALWAYS_SEARCH_USER_PATHS = NO;
				CLANG_ANALYZER_NONNULL = YES;
				CLANG_ANALYZER_NUMBER_OBJECT_CONVERSION = YES_AGGRESSIVE;
				CLANG_CXX_LANGUAGE_STANDARD = "gnu++14";
				CLANG_CXX_LIBRARY = "libc++";
				CLANG_ENABLE_MODULES = YES;
				CLANG_ENABLE_OBJC_ARC = YES;
				CLANG_ENABLE_OBJC_WEAK = YES;
				CLANG_WARN_BLOCK_CAPTURE_AUTORELEASING = YES;
				CLANG_WARN_BOOL_CONVERSION = YES;
				CLANG_WARN_COMMA = YES;
				CLANG_WARN_CONSTANT_CONVERSION = YES;
				CLANG_WARN_DEPRECATED_OBJC_IMPLEMENTATIONS = YES;
				CLANG_WARN_DIRECT_OBJC_ISA_USAGE = YES_ERROR;
				CLANG_WARN_DOCUMENTATION_COMMENTS = YES;
				CLANG_WARN_EMPTY_BODY = YES;
				CLANG_WARN_ENUM_CONVERSION = YES;
				CLANG_WARN_INFINITE_RECURSION = YES;
				CLANG_WARN_INT_CONVERSION = YES;
				CLANG_WARN_NON_LITERAL_NULL_CONVERSION = YES;
				CLANG_WARN_OBJC_IMPLICIT_RETAIN_SELF = YES;
				CLANG_WARN_OBJC_LITERAL_CONVERSION = YES;
				CLANG_WARN_OBJC_ROOT_CLASS = YES_ERROR;
				CLANG_WARN_QUOTED_INCLUDE_IN_FRAMEWORK_HEADER = YES;
				CLANG_WARN_RANGE_LOOP_ANALYSIS = YES;
				CLANG_WARN_STRICT_PROTOTYPES = YES;
				CLANG_WARN_SUSPICIOUS_MOVE = YES;
				CLANG_WARN_UNGUARDED_AVAILABILITY = YES_AGGRESSIVE;
				CLANG_WARN_UNREACHABLE_CODE = YES;
				CLANG_WARN__DUPLICATE_METHOD_MATCH = YES;
				COPY_PHASE_STRIP = NO;
				DEBUG_INFORMATION_FORMAT = dwarf;
				ENABLE_STRICT_OBJC_MSGSEND = YES;
				ENABLE_TESTABILITY = YES;
				GCC_C_LANGUAGE_STANDARD = gnu11;
				GCC_DYNAMIC_NO_PIC = NO;
				GCC_NO_COMMON_BLOCKS = YES;
				GCC_OPTIMIZATION_LEVEL = 0;
				GCC_PREPROCESSOR_DEFINITIONS = (
					"DEBUG=1",
					"$(inherited)",
				);
				GCC_WARN_64_TO_32_BIT_CONVERSION = YES;
				GCC_WARN_ABOUT_RETURN_TYPE = YES_ERROR;
				GCC_WARN_UNDECLARED_SELECTOR = YES;
				GCC_WARN_UNINITIALIZED_AUTOS = YES_AGGRESSIVE;
				GCC_WARN_UNUSED_FUNCTION = YES;
				GCC_WARN_UNUSED_VARIABLE = YES;
				IPHONEOS_DEPLOYMENT_TARGET = 14.4;
				MTL_ENABLE_DEBUG_INFO = INCLUDE_SOURCE;
				MTL_FAST_MATH = YES;
				ONLY_ACTIVE_ARCH = YES;
				SDKROOT = iphoneos;
				SWIFT_ACTIVE_COMPILATION_CONDITIONS = DEBUG;
				SWIFT_OPTIMIZATION_LEVEL = "-Onone";
			};
			name = Debug;
		};
		4D984FF52625538B00EAB27E /* Release */ = {
			isa = XCBuildConfiguration;
			buildSettings = {
				ALWAYS_SEARCH_USER_PATHS = NO;
				CLANG_ANALYZER_NONNULL = YES;
				CLANG_ANALYZER_NUMBER_OBJECT_CONVERSION = YES_AGGRESSIVE;
				CLANG_CXX_LANGUAGE_STANDARD = "gnu++14";
				CLANG_CXX_LIBRARY = "libc++";
				CLANG_ENABLE_MODULES = YES;
				CLANG_ENABLE_OBJC_ARC = YES;
				CLANG_ENABLE_OBJC_WEAK = YES;
				CLANG_WARN_BLOCK_CAPTURE_AUTORELEASING = YES;
				CLANG_WARN_BOOL_CONVERSION = YES;
				CLANG_WARN_COMMA = YES;
				CLANG_WARN_CONSTANT_CONVERSION = YES;
				CLANG_WARN_DEPRECATED_OBJC_IMPLEMENTATIONS = YES;
				CLANG_WARN_DIRECT_OBJC_ISA_USAGE = YES_ERROR;
				CLANG_WARN_DOCUMENTATION_COMMENTS = YES;
				CLANG_WARN_EMPTY_BODY = YES;
				CLANG_WARN_ENUM_CONVERSION = YES;
				CLANG_WARN_INFINITE_RECURSION = YES;
				CLANG_WARN_INT_CONVERSION = YES;
				CLANG_WARN_NON_LITERAL_NULL_CONVERSION = YES;
				CLANG_WARN_OBJC_IMPLICIT_RETAIN_SELF = YES;
				CLANG_WARN_OBJC_LITERAL_CONVERSION = YES;
				CLANG_WARN_OBJC_ROOT_CLASS = YES_ERROR;
				CLANG_WARN_QUOTED_INCLUDE_IN_FRAMEWORK_HEADER = YES;
				CLANG_WARN_RANGE_LOOP_ANALYSIS = YES;
				CLANG_WARN_STRICT_PROTOTYPES = YES;
				CLANG_WARN_SUSPICIOUS_MOVE = YES;
				CLANG_WARN_UNGUARDED_AVAILABILITY = YES_AGGRESSIVE;
				CLANG_WARN_UNREACHABLE_CODE = YES;
				CLANG_WARN__DUPLICATE_METHOD_MATCH = YES;
				COPY_PHASE_STRIP = NO;
				DEBUG_INFORMATION_FORMAT = "dwarf-with-dsym";
				ENABLE_NS_ASSERTIONS = NO;
				ENABLE_STRICT_OBJC_MSGSEND = YES;
				GCC_C_LANGUAGE_STANDARD = gnu11;
				GCC_NO_COMMON_BLOCKS = YES;
				GCC_WARN_64_TO_32_BIT_CONVERSION = YES;
				GCC_WARN_ABOUT_RETURN_TYPE = YES_ERROR;
				GCC_WARN_UNDECLARED_SELECTOR = YES;
				GCC_WARN_UNINITIALIZED_AUTOS = YES_AGGRESSIVE;
				GCC_WARN_UNUSED_FUNCTION = YES;
				GCC_WARN_UNUSED_VARIABLE = YES;
				IPHONEOS_DEPLOYMENT_TARGET = 14.4;
				MTL_ENABLE_DEBUG_INFO = NO;
				MTL_FAST_MATH = YES;
				SDKROOT = iphoneos;
				SWIFT_COMPILATION_MODE = wholemodule;
				SWIFT_OPTIMIZATION_LEVEL = "-O";
				VALIDATE_PRODUCT = YES;
			};
			name = Release;
		};
		4D984FF72625538B00EAB27E /* Debug */ = {
			isa = XCBuildConfiguration;
			baseConfigurationReference = EB63C0E21CABA55D9F32465D /* Pods-Hercules.debug.xcconfig */;
			buildSettings = {
				ASSETCATALOG_COMPILER_APPICON_NAME = AppIcon;
				ASSETCATALOG_COMPILER_GLOBAL_ACCENT_COLOR_NAME = AccentColor;
				CODE_SIGN_STYLE = Automatic;
				DEVELOPMENT_TEAM = FJ3FDYNK4D;
				INFOPLIST_FILE = Hercules/Info.plist;
				IPHONEOS_DEPLOYMENT_TARGET = 13.0;
				LD_RUNPATH_SEARCH_PATHS = (
					"$(inherited)",
					"@executable_path/Frameworks",
				);
				PRODUCT_BUNDLE_IDENTIFIER = com.patriciasarno.Hercules;
				PRODUCT_NAME = "$(TARGET_NAME)";
				SWIFT_VERSION = 5.0;
				TARGETED_DEVICE_FAMILY = "1,2";
			};
			name = Debug;
		};
		4D984FF82625538B00EAB27E /* Release */ = {
			isa = XCBuildConfiguration;
			baseConfigurationReference = 94055CA50C3225700B2C6D68 /* Pods-Hercules.release.xcconfig */;
			buildSettings = {
				ASSETCATALOG_COMPILER_APPICON_NAME = AppIcon;
				ASSETCATALOG_COMPILER_GLOBAL_ACCENT_COLOR_NAME = AccentColor;
				CODE_SIGN_STYLE = Automatic;
				DEVELOPMENT_TEAM = FJ3FDYNK4D;
				INFOPLIST_FILE = Hercules/Info.plist;
				IPHONEOS_DEPLOYMENT_TARGET = 13.0;
				LD_RUNPATH_SEARCH_PATHS = (
					"$(inherited)",
					"@executable_path/Frameworks",
				);
				PRODUCT_BUNDLE_IDENTIFIER = com.patriciasarno.Hercules;
				PRODUCT_NAME = "$(TARGET_NAME)";
				SWIFT_VERSION = 5.0;
				TARGETED_DEVICE_FAMILY = "1,2";
			};
			name = Release;
		};
/* End XCBuildConfiguration section */

/* Begin XCConfigurationList section */
		4D984FDD2625538500EAB27E /* Build configuration list for PBXProject "Hercules" */ = {
			isa = XCConfigurationList;
			buildConfigurations = (
				4D984FF42625538B00EAB27E /* Debug */,
				4D984FF52625538B00EAB27E /* Release */,
			);
			defaultConfigurationIsVisible = 0;
			defaultConfigurationName = Release;
		};
		4D984FF62625538B00EAB27E /* Build configuration list for PBXNativeTarget "Hercules" */ = {
			isa = XCConfigurationList;
			buildConfigurations = (
				4D984FF72625538B00EAB27E /* Debug */,
				4D984FF82625538B00EAB27E /* Release */,
			);
			defaultConfigurationIsVisible = 0;
			defaultConfigurationName = Release;
		};
/* End XCConfigurationList section */
	};
	rootObject = 4D984FDA2625538500EAB27E /* Project object */;
}
